
Microsoft Visual Studio Solution File, Format Version 12.00
# Visual Studio Version 17
VisualStudioVersion = 17.7.34003.232
MinimumVisualStudioVersion = 10.0.40219.1
Project("{8BC9CEB8-8B4A-11D0-8D11-00A0C91BC942}") = "BOJ1003", "BOJ1003\BOJ1003.vcxproj", "{C961615D-961D-4A77-9EE6-F2315D9B79FF}"
EndProject
Global
	GlobalSection(SolutionConfigurationPlatforms) = preSolution
		Debug|x64 = Debug|x64
		Debug|x86 = Debug|x86
		Release|x64 = Release|x64
		Release|x86 = Release|x86
	EndGlobalSection
	GlobalSection(ProjectConfigurationPlatforms) = postSolution
		{C961615D-961D-4A77-9EE6-F2315D9B79FF}.Debug|x64.ActiveCfg = Debug|x64
		{C961615D-961D-4A77-9EE6-F2315D9B79FF}.Debug|x64.Build.0 = Debug|x64
		{C961615D-961D-4A77-9EE6-F2315D9B79FF}.Debug|x86.ActiveCfg = Debug|Win32
		{C961615D-961D-4A77-9EE6-F2315D9B79FF}.Debug|x86.Build.0 = Debug|Win32
		{C961615D-961D-4A77-9EE6-F2315D9B79FF}.Release|x64.ActiveCfg = Release|x64
		{C961615D-961D-4A77-9EE6-F2315D9B79FF}.Release|x64.Build.0 = Release|x64
		{C961615D-961D-4A77-9EE6-F2315D9B79FF}.Release|x86.ActiveCfg = Release|Win32
		{C961615D-961D-4A77-9EE6-F2315D9B79FF}.Release|x86.Build.0 = Release|Win32
	EndGlobalSection
	GlobalSection(SolutionProperties) = preSolution
		HideSolutionNode = FALSE
	EndGlobalSection
	GlobalSection(ExtensibilityGlobals) = postSolution
		SolutionGuid = {F0EFB37C-B9D0-46BB-AD35-A2B58F1EDBB7}
	EndGlobalSection
EndGlobal
